github.com/Millefeuille42/Daemonize v0.0.0-20230724154746-dd7eb5376333 h1:B0fDXqfxISpvMknFrknM3VyViTz55yKxsoHDTojqRSU=
github.com/Millefeuille42/Daemonize v0.0.0-20230724154746-dd7eb5376333/go.mod h1:r5ZTRbjz59ZheeypgvgPRem9wyujwqxVPrJAc8Q4Us0=
github.com/Millefeuille42/TracimDaemonSDK v0.0.0-20230721172702-677b90417a48 h1:H6A5Fcwq7MvbDXLvVHbwcCqF2R6e6Id+x4dy4r6a+wA=
github.com/Millefeuille42/TracimDaemonSDK v0.0.0-20230721172702-677b90417a48/go.mod h1:px3xY/zpDgM3GXMYm+cJsUfveGvyxLVIjltxp+K0NbQ=
